// !$*UTF8*$!
{
	archiveVersion = 1;
	classes = {
	};
	objectVersion = 50;
	objects = {

/* Begin PBXBuildFile section */
		A0EC9DCD226F224700DC7C56 /* AppDelegate.m in Sources */ = {isa = PBXBuildFile; fileRef = A0EC9DCC226F224700DC7C56 /* AppDelegate.m */; };
		A0EC9DD0226F224700DC7C56 /* ViewController.m in Sources */ = {isa = PBXBuildFile; fileRef = A0EC9DCF226F224700DC7C56 /* ViewController.m */; };
		A0EC9DD3226F224700DC7C56 /* Main.storyboard in Resources */ = {isa = PBXBuildFile; fileRef = A0EC9DD1226F224700DC7C56 /* Main.storyboard */; };
		A0EC9DD5226F224700DC7C56 /* Assets.xcassets in Resources */ = {isa = PBXBuildFile; fileRef = A0EC9DD4226F224700DC7C56 /* Assets.xcassets */; };
		A0EC9DD8226F224700DC7C56 /* LaunchScreen.storyboard in Resources */ = {isa = PBXBuildFile; fileRef = A0EC9DD6226F224700DC7C56 /* LaunchScreen.storyboard */; };
		A0EC9DDB226F224700DC7C56 /* main.m in Sources */ = {isa = PBXBuildFile; fileRef = A0EC9DDA226F224700DC7C56 /* main.m */; };
		A0EC9DE5226F230B00DC7C56 /* JPEngine.m in Sources */ = {isa = PBXBuildFile; fileRef = A0EC9DE2226F230B00DC7C56 /* JPEngine.m */; };
		A0EC9DE6226F230B00DC7C56 /* JSPatch.js in Resources */ = {isa = PBXBuildFile; fileRef = A0EC9DE4226F230B00DC7C56 /* JSPatch.js */; };
		A0EC9DE8226F233100DC7C56 /* main.js in Resources */ = {isa = PBXBuildFile; fileRef = A0EC9DE7226F233100DC7C56 /* main.js */; };
		A0EC9DEB226F254200DC7C56 /* JSTestWebViewController.m in Sources */ = {isa = PBXBuildFile; fileRef = A0EC9DEA226F254200DC7C56 /* JSTestWebViewController.m */; };
/* End PBXBuildFile section */

/* Begin PBXFileReference section */
		A0EC9DC8226F224700DC7C56 /* JSMMTest.app */ = {isa = PBXFileReference; explicitFileType = wrapper.application; includeInIndex = 0; path = JSMMTest.app; sourceTree = BUILT_PRODUCTS_DIR; };
		A0EC9DCB226F224700DC7C56 /* AppDelegate.h */ = {isa = PBXFileReference; lastKnownFileType = sourcecode.c.h; path = AppDelegate.h; sourceTree = "<group>"; };
		A0EC9DCC226F224700DC7C56 /* AppDelegate.m */ = {isa = PBXFileReference; lastKnownFileType = sourcecode.c.objc; path = AppDelegate.m; sourceTree = "<group>"; };
		A0EC9DCE226F224700DC7C56 /* ViewController.h */ = {isa = PBXFileReference; lastKnownFileType = sourcecode.c.h; path = ViewController.h; sourceTree = "<group>"; };
		A0EC9DCF226F224700DC7C56 /* ViewController.m */ = {isa = PBXFileReference; lastKnownFileType = sourcecode.c.objc; path = ViewController.m; sourceTree = "<group>"; };
		A0EC9DD2226F224700DC7C56 /* Base */ = {isa = PBXFileReference; lastKnownFileType = file.storyboard; name = Base; path = Base.lproj/Main.storyboard; sourceTree = "<group>"; };
		A0EC9DD4226F224700DC7C56 /* Assets.xcassets */ = {isa = PBXFileReference; lastKnownFileType = folder.assetcatalog; path = Assets.xcassets; sourceTree = "<group>"; };
		A0EC9DD7226F224700DC7C56 /* Base */ = {isa = PBXFileReference; lastKnownFileType = file.storyboard; name = Base; path = Base.lproj/LaunchScreen.storyboard; sourceTree = "<group>"; };
		A0EC9DD9226F224700DC7C56 /* Info.plist */ = {isa = PBXFileReference; lastKnownFileType = text.plist.xml; path = Info.plist; sourceTree = "<group>"; };
		A0EC9DDA226F224700DC7C56 /* main.m */ = {isa = PBXFileReference; lastKnownFileType = sourcecode.c.objc; path = main.m; sourceTree = "<group>"; };
		A0EC9DE2226F230B00DC7C56 /* JPEngine.m */ = {isa = PBXFileReference; fileEncoding = 4; lastKnownFileType = sourcecode.c.objc; path = JPEngine.m; sourceTree = "<group>"; };
		A0EC9DE3226F230B00DC7C56 /* JPEngine.h */ = {isa = PBXFileReference; fileEncoding = 4; lastKnownFileType = sourcecode.c.h; path = JPEngine.h; sourceTree = "<group>"; };
		A0EC9DE4226F230B00DC7C56 /* JSPatch.js */ = {isa = PBXFileReference; fileEncoding = 4; lastKnownFileType = sourcecode.javascript; path = JSPatch.js; sourceTree = "<group>"; };
		A0EC9DE7226F233100DC7C56 /* main.js */ = {isa = PBXFileReference; fileEncoding = 4; lastKnownFileType = sourcecode.javascript; path = main.js; sourceTree = "<group>"; };
		A0EC9DE9226F254200DC7C56 /* JSTestWebViewController.h */ = {isa = PBXFileReference; lastKnownFileType = sourcecode.c.h; path = JSTestWebViewController.h; sourceTree = "<group>"; };
		A0EC9DEA226F254200DC7C56 /* JSTestWebViewController.m */ = {isa = PBXFileReference; lastKnownFileType = sourcecode.c.objc; path = JSTestWebViewController.m; sourceTree = "<group>"; };
/* End PBXFileReference section */

/* Begin PBXFrameworksBuildPhase section */
		A0EC9DC5226F224700DC7C56 /* Frameworks */ = {
			isa = PBXFrameworksBuildPhase;
			buildActionMask = 2147483647;
			files = (
			);
			runOnlyForDeploymentPostprocessing = 0;
		};
/* End PBXFrameworksBuildPhase section */

/* Begin PBXGroup section */
		A0EC9DBF226F224700DC7C56 = {
			isa = PBXGroup;
			children = (
				A0EC9DCA226F224700DC7C56 /* JSMMTest */,
				A0EC9DC9226F224700DC7C56 /* Products */,
			);
			sourceTree = "<group>";
		};
		A0EC9DC9226F224700DC7C56 /* Products */ = {
			isa = PBXGroup;
			children = (
				A0EC9DC8226F224700DC7C56 /* JSMMTest.app */,
			);
			name = Products;
			sourceTree = "<group>";
		};
		A0EC9DCA226F224700DC7C56 /* JSMMTest */ = {
			isa = PBXGroup;
			children = (
				A0EC9DE1226F230B00DC7C56 /* JSPatch */,
				A0EC9DCB226F224700DC7C56 /* AppDelegate.h */,
				A0EC9DCC226F224700DC7C56 /* AppDelegate.m */,
				A0EC9DE7226F233100DC7C56 /* main.js */,
				A0EC9DCE226F224700DC7C56 /* ViewController.h */,
				A0EC9DCF226F224700DC7C56 /* ViewController.m */,
				A0EC9DE9226F254200DC7C56 /* JSTestWebViewController.h */,
				A0EC9DEA226F254200DC7C56 /* JSTestWebViewController.m */,
				A0EC9DD1226F224700DC7C56 /* Main.storyboard */,
				A0EC9DD4226F224700DC7C56 /* Assets.xcassets */,
				A0EC9DD6226F224700DC7C56 /* LaunchScreen.storyboard */,
				A0EC9DD9226F224700DC7C56 /* Info.plist */,
				A0EC9DDA226F224700DC7C56 /* main.m */,
			);
			path = JSMMTest;
			sourceTree = "<group>";
		};
		A0EC9DE1226F230B00DC7C56 /* JSPatch */ = {
			isa = PBXGroup;
			children = (
				A0EC9DE2226F230B00DC7C56 /* JPEngine.m */,
				A0EC9DE3226F230B00DC7C56 /* JPEngine.h */,
				A0EC9DE4226F230B00DC7C56 /* JSPatch.js */,
			);
			path = JSPatch;
			sourceTree = "<group>";
		};
/* End PBXGroup section */

/* Begin PBXNativeTarget section */
		A0EC9DC7226F224700DC7C56 /* JSMMTest */ = {
			isa = PBXNativeTarget;
			buildConfigurationList = A0EC9DDE226F224700DC7C56 /* Build configuration list for PBXNativeTarget "JSMMTest" */;
			buildPhases = (
				A0EC9DC4226F224700DC7C56 /* Sources */,
				A0EC9DC5226F224700DC7C56 /* Frameworks */,
				A0EC9DC6226F224700DC7C56 /* Resources */,
			);
			buildRules = (
			);
			dependencies = (
			);
			name = JSMMTest;
			productName = JSMMTest;
			productReference = A0EC9DC8226F224700DC7C56 /* JSMMTest.app */;
			productType = "com.apple.product-type.application";
		};
/* End PBXNativeTarget section */

/* Begin PBXProject section */
		A0EC9DC0226F224700DC7C56 /* Project object */ = {
			isa = PBXProject;
			attributes = {
				LastUpgradeCheck = 1010;
				ORGANIZATIONNAME = opo;
				TargetAttributes = {
					A0EC9DC7226F224700DC7C56 = {
						CreatedOnToolsVersion = 10.1;
					};
				};
			};
			buildConfigurationList = A0EC9DC3226F224700DC7C56 /* Build configuration list for PBXProject "JSMMTest" */;
			compatibilityVersion = "Xcode 9.3";
			developmentRegion = en;
			hasScannedForEncodings = 0;
			knownRegions = (
				en,
				Base,
			);
			mainGroup = A0EC9DBF226F224700DC7C56;
			productRefGroup = A0EC9DC9226F224700DC7C56 /* Products */;
			projectDirPath = "";
			projectRoot = "";
			targets = (
				A0EC9DC7226F224700DC7C56 /* JSMMTest */,
			);
		};
/* End PBXProject section */

/* Begin PBXResourcesBuildPhase section */
		A0EC9DC6226F224700DC7C56 /* Resources */ = {
			isa = PBXResourcesBuildPhase;
			buildActionMask = 2147483647;
			files = (
				A0EC9DD8226F224700DC7C56 /* LaunchScreen.storyboard in Resources */,
				A0EC9DD5226F224700DC7C56 /* Assets.xcassets in Resources */,
				A0EC9DE6226F230B00DC7C56 /* JSPatch.js in Resources */,
				A0EC9DD3226F224700DC7C56 /* Main.storyboard in Resources */,
				A0EC9DE8226F233100DC7C56 /* main.js in Resources */,
			);
			runOnlyForDeploymentPostprocessing = 0;
		};
/* End PBXResourcesBuildPhase section */

/* Begin PBXSourcesBuildPhase section */
		A0EC9DC4226F224700DC7C56 /* Sources */ = {
			isa = PBXSourcesBuildPhase;
			buildActionMask = 2147483647;
			files = (
				A0EC9DD0226F224700DC7C56 /* ViewController.m in Sources */,
				A0EC9DE5226F230B00DC7C56 /* JPEngine.m in Sources */,
				A0EC9DDB226F224700DC7C56 /* main.m in Sources */,
				A0EC9DCD226F224700DC7C56 /* AppDelegate.m in Sources */,
				A0EC9DEB226F254200DC7C56 /* JSTestWebViewController.m in Sources */,
			);
			runOnlyForDeploymentPostprocessing = 0;
		};
/* End PBXSourcesBuildPhase section */

/* Begin PBXVariantGroup section */
		A0EC9DD1226F224700DC7C56 /* Main.storyboard */ = {
			isa = PBXVariantGroup;
			children = (
				A0EC9DD2226F224700DC7C56 /* Base */,
			);
			name = Main.storyboard;
			sourceTree = "<group>";
		};
		A0EC9DD6226F224700DC7C56 /* LaunchScreen.storyboard */ = {
			isa = PBXVariantGroup;
			children = (
				A0EC9DD7226F224700DC7C56 /* Base */,
			);
			name = LaunchScreen.storyboard;
			sourceTree = "<group>";
		};
/* End PBXVariantGroup section */

/* Begin XCBuildConfiguration section */
		A0EC9DDC226F224700DC7C56 /* Debug */ = {
			isa = XCBuildConfiguration;
			buildSettings = {
				ALWAYS_SEARCH_USER_PATHS = NO;
				CLANG_ANALYZER_NONNULL = YES;
				CLANG_ANALYZER_NUMBER_OBJECT_CONVERSION = YES_AGGRESSIVE;
				CLANG_CXX_LANGUAGE_STANDARD = "gnu++14";
				CLANG_CXX_LIBRARY = "libc++";
				CLANG_ENABLE_MODULES = YES;
				CLANG_ENABLE_OBJC_ARC = YES;
				CLANG_ENABLE_OBJC_WEAK = YES;
				CLANG_WARN_BLOCK_CAPTURE_AUTORELEASING = YES;
				CLANG_WARN_BOOL_CONVERSION = YES;
				CLANG_WARN_COMMA = YES;
				CLANG_WARN_CONSTANT_CONVERSION = YES;
				CLANG_WARN_DEPRECATED_OBJC_IMPLEMENTATIONS = YES;
				CLANG_WARN_DIRECT_OBJC_ISA_USAGE = YES_ERROR;
				CLANG_WARN_DOCUMENTATION_COMMENTS = YES;
				CLANG_WARN_EMPTY_BODY = YES;
				CLANG_WARN_ENUM_CONVERSION = YES;
				CLANG_WARN_INFINITE_RECURSION = YES;
				CLANG_WARN_INT_CONVERSION = YES;
				CLANG_WARN_NON_LITERAL_NULL_CONVERSION = YES;
				CLANG_WARN_OBJC_IMPLICIT_RETAIN_SELF = YES;
				CLANG_WARN_OBJC_LITERAL_CONVERSION = YES;
				CLANG_WARN_OBJC_ROOT_CLASS = YES_ERROR;
				CLANG_WARN_RANGE_LOOP_ANALYSIS = YES;
				CLANG_WARN_STRICT_PROTOTYPES = YES;
				CLANG_WARN_SUSPICIOUS_MOVE = YES;
				CLANG_WARN_UNGUARDED_AVAILABILITY = YES_AGGRESSIVE;
				CLANG_WARN_UNREACHABLE_CODE = YES;
				CLANG_WARN__DUPLICATE_METHOD_MATCH = YES;
				CODE_SIGN_IDENTITY = "iPhone Developer";
				COPY_PHASE_STRIP = NO;
				DEBUG_INFORMATION_FORMAT = dwarf;
				ENABLE_STRICT_OBJC_MSGSEND = YES;
				ENABLE_TESTABILITY = YES;
				GCC_C_LANGUAGE_STANDARD = gnu11;
				GCC_DYNAMIC_NO_PIC = NO;
				GCC_NO_COMMON_BLOCKS = YES;
				GCC_OPTIMIZATION_LEVEL = 0;
				GCC_PREPROCESSOR_DEFINITIONS = (
					"DEBUG=1",
					"$(inherited)",
				);
				GCC_WARN_64_TO_32_BIT_CONVERSION = YES;
				GCC_WARN_ABOUT_RETURN_TYPE = YES_ERROR;
				GCC_WARN_UNDECLARED_SELECTOR = YES;
				GCC_WARN_UNINITIALIZED_AUTOS = YES_AGGRESSIVE;
				GCC_WARN_UNUSED_FUNCTION = YES;
				GCC_WARN_UNUSED_VARIABLE = YES;
				IPHONEOS_DEPLOYMENT_TARGET = 12.1;
				MTL_ENABLE_DEBUG_INFO = INCLUDE_SOURCE;
				MTL_FAST_MATH = YES;
				ONLY_ACTIVE_ARCH = YES;
				SDKROOT = iphoneos;
			};
			name = Debug;
		};
		A0EC9DDD226F224700DC7C56 /* Release */ = {
			isa = XCBuildConfiguration;
			buildSettings = {
				ALWAYS_SEARCH_USER_PATHS = NO;
				CLANG_ANALYZER_NONNULL = YES;
				CLANG_ANALYZER_NUMBER_OBJECT_CONVERSION = YES_AGGRESSIVE;
				CLANG_CXX_LANGUAGE_STANDARD = "gnu++14";
				CLANG_CXX_LIBRARY = "libc++";
				CLANG_ENABLE_MODULES = YES;
				CLANG_ENABLE_OBJC_ARC = YES;
				CLANG_ENABLE_OBJC_WEAK = YES;
				CLANG_WARN_BLOCK_CAPTURE_AUTORELEASING = YES;
				CLANG_WARN_BOOL_CONVERSION = YES;
				CLANG_WARN_COMMA = YES;
				CLANG_WARN_CONSTANT_CONVERSION = YES;
				CLANG_WARN_DEPRECATED_OBJC_IMPLEMENTATIONS = YES;
				CLANG_WARN_DIRECT_OBJC_ISA_USAGE = YES_ERROR;
				CLANG_WARN_DOCUMENTATION_COMMENTS = YES;
				CLANG_WARN_EMPTY_BODY = YES;
				CLANG_WARN_ENUM_CONVERSION = YES;
				CLANG_WARN_INFINITE_RECURSION = YES;
				CLANG_WARN_INT_CONVERSION = YES;
				CLANG_WARN_NON_LITERAL_NULL_CONVERSION = YES;
				CLANG_WARN_OBJC_IMPLICIT_RETAIN_SELF = YES;
				CLANG_WARN_OBJC_LITERAL_CONVERSION = YES;
				CLANG_WARN_OBJC_ROOT_CLASS = YES_ERROR;
				CLANG_WARN_RANGE_LOOP_ANALYSIS = YES;
				CLANG_WARN_STRICT_PROTOTYPES = YES;
				CLANG_WARN_SUSPICIOUS_MOVE = YES;
				CLANG_WARN_UNGUARDED_AVAILABILITY = YES_AGGRESSIVE;
				CLANG_WARN_UNREACHABLE_CODE = YES;
				CLANG_WARN__DUPLICATE_METHOD_MATCH = YES;
				CODE_SIGN_IDENTITY = "iPhone Developer";
				COPY_PHASE_STRIP = NO;
				DEBUG_INFORMATION_FORMAT = "dwarf-with-dsym";
				ENABLE_NS_ASSERTIONS = NO;
				ENABLE_STRICT_OBJC_MSGSEND = YES;
				GCC_C_LANGUAGE_STANDARD = gnu11;
				GCC_NO_COMMON_BLOCKS = YES;
				GCC_WARN_64_TO_32_BIT_CONVERSION = YES;
				GCC_WARN_ABOUT_RETURN_TYPE = YES_ERROR;
				GCC_WARN_UNDECLARED_SELECTOR = YES;
				GCC_WARN_UNINITIALIZED_AUTOS = YES_AGGRESSIVE;
				GCC_WARN_UNUSED_FUNCTION = YES;
				GCC_WARN_UNUSED_VARIABLE = YES;
				IPHONEOS_DEPLOYMENT_TARGET = 12.1;
				MTL_ENABLE_DEBUG_INFO = NO;
				MTL_FAST_MATH = YES;
				SDKROOT = iphoneos;
				VALIDATE_PRODUCT = YES;
			};
			name = Release;
		};
		A0EC9DDF226F224700DC7C56 /* Debug */ = {
			isa = XCBuildConfiguration;
			buildSettings = {
				ASSETCATALOG_COMPILER_APPICON_NAME = AppIcon;
				CODE_SIGN_STYLE = Automatic;
				INFOPLIST_FILE = JSMMTest/Info.plist;
				IPHONEOS_DEPLOYMENT_TARGET = 10;
				LD_RUNPATH_SEARCH_PATHS = (
					"$(inherited)",
					"@executable_path/Frameworks",
				);
				PRODUCT_BUNDLE_IDENTIFIER = com.opo.JSMMTest;
				PRODUCT_NAME = "$(TARGET_NAME)";
				TARGETED_DEVICE_FAMILY = "1,2";
			};
			name = Debug;
		};
		A0EC9DE0226F224700DC7C56 /* Release */ = {
			isa = XCBuildConfiguration;
			buildSettings = {
				ASSETCATALOG_COMPILER_APPICON_NAME = AppIcon;
				CODE_SIGN_STYLE = Automatic;
				INFOPLIST_FILE = JSMMTest/Info.plist;
				IPHONEOS_DEPLOYMENT_TARGET = 10;
				LD_RUNPATH_SEARCH_PATHS = (
					"$(inherited)",
					"@executable_path/Frameworks",
				);
				PRODUCT_BUNDLE_IDENTIFIER = com.opo.JSMMTest;
				PRODUCT_NAME = "$(TARGET_NAME)";
				TARGETED_DEVICE_FAMILY = "1,2";
			};
			name = Release;
		};
/* End XCBuildConfiguration section */

/* Begin XCConfigurationList section */
		A0EC9DC3226F224700DC7C56 /* Build configuration list for PBXProject "JSMMTest" */ = {
			isa = XCConfigurationList;
			buildConfigurations = (
				A0EC9DDC226F224700DC7C56 /* Debug */,
				A0EC9DDD226F224700DC7C56 /* Release */,
			);
			defaultConfigurationIsVisible = 0;
			defaultConfigurationName = Release;
		};
		A0EC9DDE226F224700DC7C56 /* Build configuration list for PBXNativeTarget "JSMMTest" */ = {
			isa = XCConfigurationList;
			buildConfigurations = (
				A0EC9DDF226F224700DC7C56 /* Debug */,
				A0EC9DE0226F224700DC7C56 /* Release */,
			);
			defaultConfigurationIsVisible = 0;
			defaultConfigurationName = Release;
		};
/* End XCConfigurationList section */
	};
	rootObject = A0EC9DC0226F224700DC7C56 /* Project object */;
}
